<?xml version="1.0" encoding="UTF-8" standalone="yes" ?>
<CodeBlocks_project_file>
	<FileVersion major="1" minor="6" />
	<Project>
		<Option title="ZombieServerLinux" />
		<Option pch_mode="2" />
		<Option compiler="gcc" />
		<Build>
			<Target title="Release">
				<Option output="ZombieServer" prefix_auto="1" extension_auto="1" />
				<Option object_output="obj/Release" />
				<Option type="1" />
				<Option compiler="gcc" />
				<Compiler>
					<Add option="-O2" />
				</Compiler>
				<Linker>
					<Add option="-s" />
				</Linker>
			</Target>
		</Build>
		<Compiler>
			<Add option="-std=c++11" />
			<Add option="-Wall" />
			<Add directory="lib/linux/sfml2/include" />
			<Add directory="shared" />
			<Add directory="other" />
			<Add directory="entities" />
		</Compiler>
		<Linker>
			<Add library="sfml-graphics" />
			<Add library="sfml-window" />
			<Add library="sfml-system" />
			<Add library="sfml-network" />
			<Add directory="lib/linux/sfml2/lib" />
		</Linker>
		<Unit filename="entities/entity.cpp" />
		<Unit filename="entities/entity.h" />
		<Unit filename="entities/entityalloc.cpp" />
		<Unit filename="entities/entityalloc.h" />
		<Unit filename="entities/mobileentity.cpp" />
		<Unit filename="entities/mobileentity.h" />
		<Unit filename="entities/player.cpp" />
		<Unit filename="entities/player.h" />
		<Unit filename="entities/zombie.cpp" />
		<Unit filename="entities/zombie.h" />
		<Unit filename="other/configfile.cpp" />
		<Unit filename="other/configfile.h" />
		<Unit filename="other/linkedqueue.h" />
		<Unit filename="other/option.cpp" />
		<Unit filename="other/option.h" />
		<Unit filename="other/range.cpp" />
		<Unit filename="other/range.h" />
		<Unit filename="other/stringutils.cpp" />
		<Unit filename="other/stringutils.h" />
		<Unit filename="server/accountdb.cpp" />
		<Unit filename="server/accountdb.h" />
		<Unit filename="server/accountindex.cpp" />
		<Unit filename="server/accountindex.h" />
		<Unit filename="server/client.cpp" />
		<Unit filename="server/client.h" />
		<Unit filename="server/clientmanager.cpp" />
		<Unit filename="server/clientmanager.h" />
		<Unit filename="server/entitygrid.cpp" />
		<Unit filename="server/entitygrid.h" />
		<Unit filename="server/inventory.cpp" />
		<Unit filename="server/inventory.h" />
		<Unit filename="server/main.cpp" />
		<Unit filename="server/masterentitylist.cpp" />
		<Unit filename="server/masterentitylist.h" />
		<Unit filename="server/miscnetwork.cpp" />
		<Unit filename="server/miscnetwork.h" />
		<Unit filename="server/playerdata.cpp" />
		<Unit filename="server/playerdata.h" />
		<Unit filename="server/server.cpp" />
		<Unit filename="server/server.h" />
		<Unit filename="server/servernetwork.cpp" />
		<Unit filename="server/servernetwork.h" />
		<Unit filename="shared/ipport.cpp" />
		<Unit filename="shared/ipport.h" />
		<Unit filename="shared/itemcode.cpp" />
		<Unit filename="shared/itemcode.h" />
		<Unit filename="shared/map.cpp" />
		<Unit filename="shared/map.h" />
		<Unit filename="shared/network.cpp" />
		<Unit filename="shared/network.h" />
		<Unit filename="shared/packet.h" />
		<Unit filename="shared/tile.cpp" />
		<Unit filename="shared/tile.h" />
		<Extensions>
			<code_completion />
			<debugger />
		</Extensions>
	</Project>
</CodeBlocks_project_file>
