<?xml version="1.0" encoding="UTF-8" standalone="yes" ?>
<CodeBlocks_project_file>
	<FileVersion major="1" minor="6" />
	<Project>
		<Option title="ZombieGameClient" />
		<Option pch_mode="2" />
		<Option compiler="gcc" />
		<Build>
			<Target title="Debug">
				<Option output="bin/Debug/ZombieGame" prefix_auto="1" extension_auto="1" />
				<Option object_output="obj/Debug/" />
				<Option type="1" />
				<Option compiler="gcc" />
				<Compiler>
					<Add option="-std=c++11" />
					<Add option="-g" />
					<Add directory="other" />
					<Add directory="shared" />
					<Add directory="client" />
				</Compiler>
				<Linker>
					<Add library="sfml-graphics-d" />
					<Add library="sfml-audio-d" />
					<Add library="sfml-window-d" />
					<Add library="sfml-network-d" />
					<Add library="sfml-system-d" />
				</Linker>
			</Target>
			<Target title="Release">
				<Option output="bin/Release/ZombieGame" prefix_auto="1" extension_auto="1" />
				<Option object_output="obj/Release/" />
				<Option type="1" />
				<Option compiler="gcc" />
				<Compiler>
					<Add option="-O2" />
					<Add option="-std=c++11" />
					<Add option="-g" />
				</Compiler>
				<Linker>
					<Add library="sfml-graphics" />
					<Add library="sfml-audio" />
					<Add library="sfml-window" />
					<Add library="sfml-network" />
					<Add library="sfml-system" />
				</Linker>
			</Target>
		</Build>
		<Compiler>
			<Add option="-std=c++11" />
			<Add option="-Wall" />
		</Compiler>
		<Unit filename="client/chat.cpp" />
		<Unit filename="client/chat.h" />
		<Unit filename="client/clientnetwork.cpp" />
		<Unit filename="client/clientnetwork.h" />
		<Unit filename="client/cursor.cpp" />
		<Unit filename="client/cursor.h" />
		<Unit filename="client/entitylist.cpp" />
		<Unit filename="client/entitylist.h" />
		<Unit filename="client/errorstate.cpp" />
		<Unit filename="client/errorstate.h" />
		<Unit filename="client/gameobjects.cpp" />
		<Unit filename="client/gameobjects.h" />
		<Unit filename="client/hud.cpp" />
		<Unit filename="client/hud.h" />
		<Unit filename="client/inputbox.cpp" />
		<Unit filename="client/inputbox.h" />
		<Unit filename="client/loginstate.cpp" />
		<Unit filename="client/loginstate.h" />
		<Unit filename="client/main.cpp" />
		<Unit filename="client/mainmenustate.cpp" />
		<Unit filename="client/mainmenustate.h" />
		<Unit filename="client/menu.cpp" />
		<Unit filename="client/menu.h" />
		<Unit filename="client/playgamestate.cpp" />
		<Unit filename="client/playgamestate.h" />
		<Unit filename="client/scrollbar.cpp" />
		<Unit filename="client/scrollbar.h" />
		<Unit filename="client/state.cpp" />
		<Unit filename="client/state.h" />
		<Unit filename="client/stateaction.cpp" />
		<Unit filename="client/stateaction.h" />
		<Unit filename="client/statemanager.cpp" />
		<Unit filename="client/statemanager.h" />
		<Unit filename="client/textitem.cpp" />
		<Unit filename="client/textitem.h" />
		<Unit filename="client/textitemlist.cpp" />
		<Unit filename="client/textitemlist.h" />
		<Unit filename="other/configfile.cpp" />
		<Unit filename="other/configfile.h" />
		<Unit filename="other/linkedqueue.h" />
		<Unit filename="other/option.cpp" />
		<Unit filename="other/option.h" />
		<Unit filename="shared/config.cpp" />
		<Unit filename="shared/config.h" />
		<Unit filename="shared/entity.cpp" />
		<Unit filename="shared/entity.h" />
		<Unit filename="shared/entityalloc.cpp" />
		<Unit filename="shared/entityalloc.h" />
		<Unit filename="shared/entityliving.cpp" />
		<Unit filename="shared/entityliving.h" />
		<Unit filename="shared/linkedqueue.cpp" />
		<Unit filename="shared/linkedqueue.h" />
		<Unit filename="shared/map.cpp" />
		<Unit filename="shared/map.h" />
		<Unit filename="shared/network.cpp" />
		<Unit filename="shared/network.h" />
		<Unit filename="shared/other.h" />
		<Unit filename="shared/packet.h" />
		<Unit filename="shared/player.cpp" />
		<Unit filename="shared/player.h" />
		<Unit filename="shared/playerdata.cpp" />
		<Unit filename="shared/playerdata.h" />
		<Unit filename="shared/tile.cpp" />
		<Unit filename="shared/tile.h" />
		<Unit filename="shared/zombie.cpp" />
		<Unit filename="shared/zombie.h" />
		<Extensions>
			<code_completion />
			<envvars />
			<debugger />
			<DoxyBlocks>
				<comment_style block="0" line="0" />
				<doxyfile_project />
				<doxyfile_build />
				<doxyfile_warnings />
				<doxyfile_output />
				<doxyfile_dot />
				<general />
			</DoxyBlocks>
		</Extensions>
	</Project>
</CodeBlocks_project_file>
